
Microsoft Visual Studio Solution File, Format Version 12.00
# Visual Studio Version 16
VisualStudioVersion = 16.0.30711.63
MinimumVisualStudioVersion = 10.0.40219.1
Project("{FAE04EC0-301F-11D3-BF4B-00C04F79EFBC}") = "Presentation", "Presentation\Presentation.csproj", "{332897A7-C20E-40E7-8DF5-6F607D2592CA}"
EndProject
Project("{9A19103F-16F7-4668-BE54-9A1E7A4F7556}") = "Services", "Services\Services.csproj", "{20072197-1F62-4616-A724-C5A8BCD28148}"
EndProject
Project("{FAE04EC0-301F-11D3-BF4B-00C04F79EFBC}") = "PresentationTests", "PresentationTests\PresentationTests.csproj", "{A8A82AF9-4720-49E1-9102-134500DCBCED}"
EndProject
Project("{FAE04EC0-301F-11D3-BF4B-00C04F79EFBC}") = "ServicesTests", "ServicesTests\ServicesTests.csproj", "{4EC431F9-0A33-41F5-AE9E-350D3B6D4A9C}"
EndProject
Project("{FAE04EC0-301F-11D3-BF4B-00C04F79EFBC}") = "DataTests", "DataTests\DataTests.csproj", "{72A4CC3E-2022-478A-8110-6BBAF2DF126F}"
EndProject
Project("{FAE04EC0-301F-11D3-BF4B-00C04F79EFBC}") = "Data", "Data\Data.csproj", "{91C92F6E-3515-4386-8328-3371DBCC9896}"
EndProject
Global
	GlobalSection(SolutionConfigurationPlatforms) = preSolution
		Debug|Any CPU = Debug|Any CPU
		Release|Any CPU = Release|Any CPU
	EndGlobalSection
	GlobalSection(ProjectConfigurationPlatforms) = postSolution
		{332897A7-C20E-40E7-8DF5-6F607D2592CA}.Debug|Any CPU.ActiveCfg = Debug|Any CPU
		{332897A7-C20E-40E7-8DF5-6F607D2592CA}.Debug|Any CPU.Build.0 = Debug|Any CPU
		{332897A7-C20E-40E7-8DF5-6F607D2592CA}.Release|Any CPU.ActiveCfg = Release|Any CPU
		{332897A7-C20E-40E7-8DF5-6F607D2592CA}.Release|Any CPU.Build.0 = Release|Any CPU
		{20072197-1F62-4616-A724-C5A8BCD28148}.Debug|Any CPU.ActiveCfg = Debug|Any CPU
		{20072197-1F62-4616-A724-C5A8BCD28148}.Debug|Any CPU.Build.0 = Debug|Any CPU
		{20072197-1F62-4616-A724-C5A8BCD28148}.Release|Any CPU.ActiveCfg = Release|Any CPU
		{20072197-1F62-4616-A724-C5A8BCD28148}.Release|Any CPU.Build.0 = Release|Any CPU
		{A8A82AF9-4720-49E1-9102-134500DCBCED}.Debug|Any CPU.ActiveCfg = Debug|Any CPU
		{A8A82AF9-4720-49E1-9102-134500DCBCED}.Debug|Any CPU.Build.0 = Debug|Any CPU
		{A8A82AF9-4720-49E1-9102-134500DCBCED}.Release|Any CPU.ActiveCfg = Release|Any CPU
		{A8A82AF9-4720-49E1-9102-134500DCBCED}.Release|Any CPU.Build.0 = Release|Any CPU
		{4EC431F9-0A33-41F5-AE9E-350D3B6D4A9C}.Debug|Any CPU.ActiveCfg = Debug|Any CPU
		{4EC431F9-0A33-41F5-AE9E-350D3B6D4A9C}.Debug|Any CPU.Build.0 = Debug|Any CPU
		{4EC431F9-0A33-41F5-AE9E-350D3B6D4A9C}.Release|Any CPU.ActiveCfg = Release|Any CPU
		{4EC431F9-0A33-41F5-AE9E-350D3B6D4A9C}.Release|Any CPU.Build.0 = Release|Any CPU
		{72A4CC3E-2022-478A-8110-6BBAF2DF126F}.Debug|Any CPU.ActiveCfg = Debug|Any CPU
		{72A4CC3E-2022-478A-8110-6BBAF2DF126F}.Debug|Any CPU.Build.0 = Debug|Any CPU
		{72A4CC3E-2022-478A-8110-6BBAF2DF126F}.Release|Any CPU.ActiveCfg = Release|Any CPU
		{72A4CC3E-2022-478A-8110-6BBAF2DF126F}.Release|Any CPU.Build.0 = Release|Any CPU
		{91C92F6E-3515-4386-8328-3371DBCC9896}.Debug|Any CPU.ActiveCfg = Debug|Any CPU
		{91C92F6E-3515-4386-8328-3371DBCC9896}.Debug|Any CPU.Build.0 = Debug|Any CPU
		{91C92F6E-3515-4386-8328-3371DBCC9896}.Release|Any CPU.ActiveCfg = Release|Any CPU
		{91C92F6E-3515-4386-8328-3371DBCC9896}.Release|Any CPU.Build.0 = Release|Any CPU
	EndGlobalSection
	GlobalSection(SolutionProperties) = preSolution
		HideSolutionNode = FALSE
	EndGlobalSection
	GlobalSection(ExtensibilityGlobals) = postSolution
		SolutionGuid = {5094287F-C809-42D6-BD8A-937943497362}
	EndGlobalSection
EndGlobal
